
Microsoft Visual Studio Solution File, Format Version 12.00
# Visual Studio 15
VisualStudioVersion = 15.0.27130.2027
MinimumVisualStudioVersion = 10.0.40219.1
Project("{FAE04EC0-301F-11D3-BF4B-00C04F79EFBC}") = "AdoNetConnectedMode", "AdoNetConnectedMode\AdoNetConnectedMode.csproj", "{321FCAA7-3D02-4B7F-B898-8802677A5269}"
EndProject
Global
	GlobalSection(SolutionConfigurationPlatforms) = preSolution
		Debug|Any CPU = Debug|Any CPU
		Release|Any CPU = Release|Any CPU
	EndGlobalSection
	GlobalSection(ProjectConfigurationPlatforms) = postSolution
		{321FCAA7-3D02-4B7F-B898-8802677A5269}.Debug|Any CPU.ActiveCfg = Debug|Any CPU
		{321FCAA7-3D02-4B7F-B898-8802677A5269}.Debug|Any CPU.Build.0 = Debug|Any CPU
		{321FCAA7-3D02-4B7F-B898-8802677A5269}.Release|Any CPU.ActiveCfg = Release|Any CPU
		{321FCAA7-3D02-4B7F-B898-8802677A5269}.Release|Any CPU.Build.0 = Release|Any CPU
	EndGlobalSection
	GlobalSection(SolutionProperties) = preSolution
		HideSolutionNode = FALSE
	EndGlobalSection
	GlobalSection(ExtensibilityGlobals) = postSolution
		SolutionGuid = {9043C085-EFD9-482A-9BFC-D331479E3791}
	EndGlobalSection
EndGlobal
